
Microsoft Visual Studio Solution File, Format Version 12.00
# Visual Studio 15
VisualStudioVersion = 15.0.28307.705
MinimumVisualStudioVersion = 10.0.40219.1
Project("{FAE04EC0-301F-11D3-BF4B-00C04F79EFBC}") = "BMICalculator", "BMICalculator\BMICalculator.csproj", "{5FE612EA-BB08-4F00-8996-BBA9B93D80A6}"
EndProject
Global
	GlobalSection(SolutionConfigurationPlatforms) = preSolution
		Debug|Any CPU = Debug|Any CPU
		Release|Any CPU = Release|Any CPU
	EndGlobalSection
	GlobalSection(ProjectConfigurationPlatforms) = postSolution
		{5FE612EA-BB08-4F00-8996-BBA9B93D80A6}.Debug|Any CPU.ActiveCfg = Debug|Any CPU
		{5FE612EA-BB08-4F00-8996-BBA9B93D80A6}.Debug|Any CPU.Build.0 = Debug|Any CPU
		{5FE612EA-BB08-4F00-8996-BBA9B93D80A6}.Release|Any CPU.ActiveCfg = Release|Any CPU
		{5FE612EA-BB08-4F00-8996-BBA9B93D80A6}.Release|Any CPU.Build.0 = Release|Any CPU
	EndGlobalSection
	GlobalSection(SolutionProperties) = preSolution
		HideSolutionNode = FALSE
	EndGlobalSection
	GlobalSection(ExtensibilityGlobals) = postSolution
		SolutionGuid = {4E1C4ADD-A3D3-4DDE-86E4-B48963ABFFAB}
	EndGlobalSection
EndGlobal
